
Microsoft Visual Studio Solution File, Format Version 12.00
# Visual Studio 15
VisualStudioVersion = 15.0.28307.106
MinimumVisualStudioVersion = 10.0.40219.1
Project("{E24C65DC-7377-472B-9ABA-BC803B73C61A}") = "DistribuidoraVio", "DistribuidoraVio\", "{0B23E482-5342-4760-A4E4-6D79D4197B31}"
	ProjectSection(WebsiteProperties) = preProject
		TargetFrameworkMoniker = ".NETFramework,Version%3Dv4.6.1"
		Debug.AspNetCompiler.VirtualPath = "/localhost_59950"
		Debug.AspNetCompiler.PhysicalPath = "DistribuidoraVio\"
		Debug.AspNetCompiler.TargetPath = "PrecompiledWeb\localhost_59950\"
		Debug.AspNetCompiler.Updateable = "true"
		Debug.AspNetCompiler.ForceOverwrite = "true"
		Debug.AspNetCompiler.FixedNames = "false"
		Debug.AspNetCompiler.Debug = "True"
		Release.AspNetCompiler.VirtualPath = "/localhost_59950"
		Release.AspNetCompiler.PhysicalPath = "DistribuidoraVio\"
		Release.AspNetCompiler.TargetPath = "PrecompiledWeb\localhost_59950\"
		Release.AspNetCompiler.Updateable = "true"
		Release.AspNetCompiler.ForceOverwrite = "true"
		Release.AspNetCompiler.FixedNames = "false"
		Release.AspNetCompiler.Debug = "False"
		VWDPort = "59950"
	EndProjectSection
EndProject
Global
	GlobalSection(SolutionConfigurationPlatforms) = preSolution
		Debug|Any CPU = Debug|Any CPU
	EndGlobalSection
	GlobalSection(ProjectConfigurationPlatforms) = postSolution
		{0B23E482-5342-4760-A4E4-6D79D4197B31}.Debug|Any CPU.ActiveCfg = Debug|Any CPU
		{0B23E482-5342-4760-A4E4-6D79D4197B31}.Debug|Any CPU.Build.0 = Debug|Any CPU
	EndGlobalSection
	GlobalSection(SolutionProperties) = preSolution
		HideSolutionNode = FALSE
	EndGlobalSection
	GlobalSection(ExtensibilityGlobals) = postSolution
		SolutionGuid = {53147300-1172-4502-8433-DB0328790AE4}
	EndGlobalSection
EndGlobal
